
Microsoft Visual Studio Solution File, Format Version 12.00
# Visual Studio 15
VisualStudioVersion = 15.0.28307.489
MinimumVisualStudioVersion = 10.0.40219.1
Project("{FAE04EC0-301F-11D3-BF4B-00C04F79EFBC}") = "DAB_AFL2", "DAB_AFL2\DAB_AFL2.csproj", "{90294766-B134-4401-9E66-4D39A7679804}"
EndProject
Global
	GlobalSection(SolutionConfigurationPlatforms) = preSolution
		Debug|Any CPU = Debug|Any CPU
		Release|Any CPU = Release|Any CPU
	EndGlobalSection
	GlobalSection(ProjectConfigurationPlatforms) = postSolution
		{90294766-B134-4401-9E66-4D39A7679804}.Debug|Any CPU.ActiveCfg = Debug|Any CPU
		{90294766-B134-4401-9E66-4D39A7679804}.Debug|Any CPU.Build.0 = Debug|Any CPU
		{90294766-B134-4401-9E66-4D39A7679804}.Release|Any CPU.ActiveCfg = Release|Any CPU
		{90294766-B134-4401-9E66-4D39A7679804}.Release|Any CPU.Build.0 = Release|Any CPU
	EndGlobalSection
	GlobalSection(SolutionProperties) = preSolution
		HideSolutionNode = FALSE
	EndGlobalSection
	GlobalSection(ExtensibilityGlobals) = postSolution
		SolutionGuid = {C62C928A-5514-47DD-8715-E7BA741B205E}
	EndGlobalSection
EndGlobal
